
Microsoft Visual Studio Solution File, Format Version 12.00
# Visual Studio 15
VisualStudioVersion = 15.0.28307.329
MinimumVisualStudioVersion = 10.0.40219.1
Project("{FAE04EC0-301F-11D3-BF4B-00C04F79EFBC}") = "WebApplication1", "WebApplication1\WebApplication1.csproj", "{3D617D81-63CF-49B2-8BCE-0355397F2905}"
EndProject
Project("{FAE04EC0-301F-11D3-BF4B-00C04F79EFBC}") = "BOL", "BOL\BOL.csproj", "{17B19BAB-6269-457A-9AEA-96CCB2A109E8}"
EndProject
Project("{FAE04EC0-301F-11D3-BF4B-00C04F79EFBC}") = "DAL", "DAL\DAL.csproj", "{503E963A-8B2F-4C8C-8673-4B03B3D32E60}"
EndProject
Project("{FAE04EC0-301F-11D3-BF4B-00C04F79EFBC}") = "BLL", "BLL\BLL.csproj", "{C0B30446-A1DA-4A4B-BAE2-C86F43813AE9}"
EndProject
Global
	GlobalSection(SolutionConfigurationPlatforms) = preSolution
		Debug|Any CPU = Debug|Any CPU
		Release|Any CPU = Release|Any CPU
	EndGlobalSection
	GlobalSection(ProjectConfigurationPlatforms) = postSolution
		{3D617D81-63CF-49B2-8BCE-0355397F2905}.Debug|Any CPU.ActiveCfg = Debug|Any CPU
		{3D617D81-63CF-49B2-8BCE-0355397F2905}.Debug|Any CPU.Build.0 = Debug|Any CPU
		{3D617D81-63CF-49B2-8BCE-0355397F2905}.Release|Any CPU.ActiveCfg = Release|Any CPU
		{3D617D81-63CF-49B2-8BCE-0355397F2905}.Release|Any CPU.Build.0 = Release|Any CPU
		{17B19BAB-6269-457A-9AEA-96CCB2A109E8}.Debug|Any CPU.ActiveCfg = Debug|Any CPU
		{17B19BAB-6269-457A-9AEA-96CCB2A109E8}.Debug|Any CPU.Build.0 = Debug|Any CPU
		{17B19BAB-6269-457A-9AEA-96CCB2A109E8}.Release|Any CPU.ActiveCfg = Release|Any CPU
		{17B19BAB-6269-457A-9AEA-96CCB2A109E8}.Release|Any CPU.Build.0 = Release|Any CPU
		{503E963A-8B2F-4C8C-8673-4B03B3D32E60}.Debug|Any CPU.ActiveCfg = Debug|Any CPU
		{503E963A-8B2F-4C8C-8673-4B03B3D32E60}.Debug|Any CPU.Build.0 = Debug|Any CPU
		{503E963A-8B2F-4C8C-8673-4B03B3D32E60}.Release|Any CPU.ActiveCfg = Release|Any CPU
		{503E963A-8B2F-4C8C-8673-4B03B3D32E60}.Release|Any CPU.Build.0 = Release|Any CPU
		{C0B30446-A1DA-4A4B-BAE2-C86F43813AE9}.Debug|Any CPU.ActiveCfg = Debug|Any CPU
		{C0B30446-A1DA-4A4B-BAE2-C86F43813AE9}.Debug|Any CPU.Build.0 = Debug|Any CPU
		{C0B30446-A1DA-4A4B-BAE2-C86F43813AE9}.Release|Any CPU.ActiveCfg = Release|Any CPU
		{C0B30446-A1DA-4A4B-BAE2-C86F43813AE9}.Release|Any CPU.Build.0 = Release|Any CPU
	EndGlobalSection
	GlobalSection(SolutionProperties) = preSolution
		HideSolutionNode = FALSE
	EndGlobalSection
	GlobalSection(ExtensibilityGlobals) = postSolution
		SolutionGuid = {9D6B9DC9-0C1F-4B65-A722-45F33EA39390}
	EndGlobalSection
EndGlobal
